
Microsoft Visual Studio Solution File, Format Version 12.00
# Visual Studio 14
VisualStudioVersion = 14.0.24720.0
MinimumVisualStudioVersion = 10.0.40219.1
Project("{FAE04EC0-301F-11D3-BF4B-00C04F79EFBC}") = "SunService", "SunService\SunService.csproj", "{FE6C64C0-A259-4E6E-B4D6-F47CE58DBAE9}"
EndProject
Project("{FAE04EC0-301F-11D3-BF4B-00C04F79EFBC}") = "SunClass", "SunClass\SunClass.csproj", "{87C4394B-3309-4F00-8C84-5A572DBBCC68}"
EndProject
Global
	GlobalSection(SolutionConfigurationPlatforms) = preSolution
		Debug|Any CPU = Debug|Any CPU
		Release|Any CPU = Release|Any CPU
	EndGlobalSection
	GlobalSection(ProjectConfigurationPlatforms) = postSolution
		{FE6C64C0-A259-4E6E-B4D6-F47CE58DBAE9}.Debug|Any CPU.ActiveCfg = Debug|Any CPU
		{FE6C64C0-A259-4E6E-B4D6-F47CE58DBAE9}.Debug|Any CPU.Build.0 = Debug|Any CPU
		{FE6C64C0-A259-4E6E-B4D6-F47CE58DBAE9}.Release|Any CPU.ActiveCfg = Release|Any CPU
		{FE6C64C0-A259-4E6E-B4D6-F47CE58DBAE9}.Release|Any CPU.Build.0 = Release|Any CPU
		{87C4394B-3309-4F00-8C84-5A572DBBCC68}.Debug|Any CPU.ActiveCfg = Debug|Any CPU
		{87C4394B-3309-4F00-8C84-5A572DBBCC68}.Debug|Any CPU.Build.0 = Debug|Any CPU
		{87C4394B-3309-4F00-8C84-5A572DBBCC68}.Release|Any CPU.ActiveCfg = Release|Any CPU
		{87C4394B-3309-4F00-8C84-5A572DBBCC68}.Release|Any CPU.Build.0 = Release|Any CPU
	EndGlobalSection
	GlobalSection(SolutionProperties) = preSolution
		HideSolutionNode = FALSE
	EndGlobalSection
EndGlobal
