
Microsoft Visual Studio Solution File, Format Version 12.00
# Visual Studio 15
VisualStudioVersion = 15.0.28010.2041
MinimumVisualStudioVersion = 10.0.40219.1
Project("{2150E333-8FDC-42A3-9474-1A3956D46DE8}") = "WCF", "WCF", "{9C1BE9E8-6BB1-4299-BF7B-0391D4C5153C}"
EndProject
Project("{FAE04EC0-301F-11D3-BF4B-00C04F79EFBC}") = "User.Defined.Interface", "..\Src\User.Defined.Interface\User.Defined.Interface.csproj", "{4FC3677E-C417-4E07-B7B4-588ED5040436}"
EndProject
Project("{FAE04EC0-301F-11D3-BF4B-00C04F79EFBC}") = "User.Defined.WcfClient", "..\Src\User.Defined.WcfClient\User.Defined.WcfClient.csproj", "{2E51CD3D-B0AA-43B9-AD56-091EB8BCFD00}"
EndProject
Project("{FAE04EC0-301F-11D3-BF4B-00C04F79EFBC}") = "User.Defined.WcfService", "..\Src\User.Defined.WcfService\User.Defined.WcfService.csproj", "{A6FB353D-C962-4DA5-BA32-36449F6CF35B}"
EndProject
Project("{FAE04EC0-301F-11D3-BF4B-00C04F79EFBC}") = "User.Defined.Infrastructure", "..\Src\User.Defined.Infrastructure\User.Defined.Infrastructure.csproj", "{B2F79A21-605C-4A76-BE15-3C62476A7D1A}"
EndProject
Project("{2150E333-8FDC-42A3-9474-1A3956D46DE8}") = "WindowsService", "WindowsService", "{C72DEEE3-1B08-4689-A5BE-FBEE3193A561}"
EndProject
Project("{FAE04EC0-301F-11D3-BF4B-00C04F79EFBC}") = "User.Defined.WindowService", "..\Src\User.Defined.WindowService\User.Defined.WindowService.csproj", "{FE6C64C0-A259-4E6E-B4D6-F47CE58DBAE9}"
EndProject
Project("{2150E333-8FDC-42A3-9474-1A3956D46DE8}") = ".Nuget", ".Nuget", "{B770BE22-EA74-4798-B571-838A40161DA5}"
	ProjectSection(SolutionItems) = preProject
		..\.nuget\NuGet.Config = ..\.nuget\NuGet.Config
		..\.nuget\NuGet.exe = ..\.nuget\NuGet.exe
		..\.nuget\NuGet.targets = ..\.nuget\NuGet.targets
	EndProjectSection
EndProject
Project("{2150E333-8FDC-42A3-9474-1A3956D46DE8}") = "Infrastructure", "Infrastructure", "{D98BC142-1B5C-430A-BC43-31899D6520C2}"
EndProject
Project("{FAE04EC0-301F-11D3-BF4B-00C04F79EFBC}") = "User.Defined.SimpleService", "..\Src\User.Defined.WcfServiceForWindows\User.Defined.SimpleService.csproj", "{649E925C-4EB3-4292-91D2-A5F9D5C7291A}"
EndProject
Global
	GlobalSection(SolutionConfigurationPlatforms) = preSolution
		Debug|Any CPU = Debug|Any CPU
		Debug|x86 = Debug|x86
		Release|Any CPU = Release|Any CPU
		Release|x86 = Release|x86
	EndGlobalSection
	GlobalSection(ProjectConfigurationPlatforms) = postSolution
		{4FC3677E-C417-4E07-B7B4-588ED5040436}.Debug|Any CPU.ActiveCfg = Debug|Any CPU
		{4FC3677E-C417-4E07-B7B4-588ED5040436}.Debug|Any CPU.Build.0 = Debug|Any CPU
		{4FC3677E-C417-4E07-B7B4-588ED5040436}.Debug|x86.ActiveCfg = Debug|Any CPU
		{4FC3677E-C417-4E07-B7B4-588ED5040436}.Debug|x86.Build.0 = Debug|Any CPU
		{4FC3677E-C417-4E07-B7B4-588ED5040436}.Release|Any CPU.ActiveCfg = Release|Any CPU
		{4FC3677E-C417-4E07-B7B4-588ED5040436}.Release|Any CPU.Build.0 = Release|Any CPU
		{4FC3677E-C417-4E07-B7B4-588ED5040436}.Release|x86.ActiveCfg = Release|Any CPU
		{4FC3677E-C417-4E07-B7B4-588ED5040436}.Release|x86.Build.0 = Release|Any CPU
		{2E51CD3D-B0AA-43B9-AD56-091EB8BCFD00}.Debug|Any CPU.ActiveCfg = Debug|Any CPU
		{2E51CD3D-B0AA-43B9-AD56-091EB8BCFD00}.Debug|Any CPU.Build.0 = Debug|Any CPU
		{2E51CD3D-B0AA-43B9-AD56-091EB8BCFD00}.Debug|x86.ActiveCfg = Debug|Any CPU
		{2E51CD3D-B0AA-43B9-AD56-091EB8BCFD00}.Debug|x86.Build.0 = Debug|Any CPU
		{2E51CD3D-B0AA-43B9-AD56-091EB8BCFD00}.Release|Any CPU.ActiveCfg = Release|Any CPU
		{2E51CD3D-B0AA-43B9-AD56-091EB8BCFD00}.Release|Any CPU.Build.0 = Release|Any CPU
		{2E51CD3D-B0AA-43B9-AD56-091EB8BCFD00}.Release|x86.ActiveCfg = Release|Any CPU
		{2E51CD3D-B0AA-43B9-AD56-091EB8BCFD00}.Release|x86.Build.0 = Release|Any CPU
		{A6FB353D-C962-4DA5-BA32-36449F6CF35B}.Debug|Any CPU.ActiveCfg = Debug|Any CPU
		{A6FB353D-C962-4DA5-BA32-36449F6CF35B}.Debug|Any CPU.Build.0 = Debug|Any CPU
		{A6FB353D-C962-4DA5-BA32-36449F6CF35B}.Debug|x86.ActiveCfg = Debug|Any CPU
		{A6FB353D-C962-4DA5-BA32-36449F6CF35B}.Debug|x86.Build.0 = Debug|Any CPU
		{A6FB353D-C962-4DA5-BA32-36449F6CF35B}.Release|Any CPU.ActiveCfg = Release|Any CPU
		{A6FB353D-C962-4DA5-BA32-36449F6CF35B}.Release|Any CPU.Build.0 = Release|Any CPU
		{A6FB353D-C962-4DA5-BA32-36449F6CF35B}.Release|x86.ActiveCfg = Release|Any CPU
		{A6FB353D-C962-4DA5-BA32-36449F6CF35B}.Release|x86.Build.0 = Release|Any CPU
		{B2F79A21-605C-4A76-BE15-3C62476A7D1A}.Debug|Any CPU.ActiveCfg = Debug|Any CPU
		{B2F79A21-605C-4A76-BE15-3C62476A7D1A}.Debug|Any CPU.Build.0 = Debug|Any CPU
		{B2F79A21-605C-4A76-BE15-3C62476A7D1A}.Debug|x86.ActiveCfg = Debug|Any CPU
		{B2F79A21-605C-4A76-BE15-3C62476A7D1A}.Debug|x86.Build.0 = Debug|Any CPU
		{B2F79A21-605C-4A76-BE15-3C62476A7D1A}.Release|Any CPU.ActiveCfg = Release|Any CPU
		{B2F79A21-605C-4A76-BE15-3C62476A7D1A}.Release|Any CPU.Build.0 = Release|Any CPU
		{B2F79A21-605C-4A76-BE15-3C62476A7D1A}.Release|x86.ActiveCfg = Release|Any CPU
		{B2F79A21-605C-4A76-BE15-3C62476A7D1A}.Release|x86.Build.0 = Release|Any CPU
		{FE6C64C0-A259-4E6E-B4D6-F47CE58DBAE9}.Debug|Any CPU.ActiveCfg = Debug|Any CPU
		{FE6C64C0-A259-4E6E-B4D6-F47CE58DBAE9}.Debug|Any CPU.Build.0 = Debug|Any CPU
		{FE6C64C0-A259-4E6E-B4D6-F47CE58DBAE9}.Debug|x86.ActiveCfg = Debug|Any CPU
		{FE6C64C0-A259-4E6E-B4D6-F47CE58DBAE9}.Debug|x86.Build.0 = Debug|Any CPU
		{FE6C64C0-A259-4E6E-B4D6-F47CE58DBAE9}.Release|Any CPU.ActiveCfg = Release|Any CPU
		{FE6C64C0-A259-4E6E-B4D6-F47CE58DBAE9}.Release|Any CPU.Build.0 = Release|Any CPU
		{FE6C64C0-A259-4E6E-B4D6-F47CE58DBAE9}.Release|x86.ActiveCfg = Release|Any CPU
		{FE6C64C0-A259-4E6E-B4D6-F47CE58DBAE9}.Release|x86.Build.0 = Release|Any CPU
		{649E925C-4EB3-4292-91D2-A5F9D5C7291A}.Debug|Any CPU.ActiveCfg = Debug|Any CPU
		{649E925C-4EB3-4292-91D2-A5F9D5C7291A}.Debug|Any CPU.Build.0 = Debug|Any CPU
		{649E925C-4EB3-4292-91D2-A5F9D5C7291A}.Debug|x86.ActiveCfg = Debug|Any CPU
		{649E925C-4EB3-4292-91D2-A5F9D5C7291A}.Debug|x86.Build.0 = Debug|Any CPU
		{649E925C-4EB3-4292-91D2-A5F9D5C7291A}.Release|Any CPU.ActiveCfg = Release|Any CPU
		{649E925C-4EB3-4292-91D2-A5F9D5C7291A}.Release|Any CPU.Build.0 = Release|Any CPU
		{649E925C-4EB3-4292-91D2-A5F9D5C7291A}.Release|x86.ActiveCfg = Release|Any CPU
		{649E925C-4EB3-4292-91D2-A5F9D5C7291A}.Release|x86.Build.0 = Release|Any CPU
	EndGlobalSection
	GlobalSection(SolutionProperties) = preSolution
		HideSolutionNode = FALSE
	EndGlobalSection
	GlobalSection(NestedProjects) = preSolution
		{2E51CD3D-B0AA-43B9-AD56-091EB8BCFD00} = {9C1BE9E8-6BB1-4299-BF7B-0391D4C5153C}
		{A6FB353D-C962-4DA5-BA32-36449F6CF35B} = {9C1BE9E8-6BB1-4299-BF7B-0391D4C5153C}
		{B2F79A21-605C-4A76-BE15-3C62476A7D1A} = {D98BC142-1B5C-430A-BC43-31899D6520C2}
		{FE6C64C0-A259-4E6E-B4D6-F47CE58DBAE9} = {C72DEEE3-1B08-4689-A5BE-FBEE3193A561}
		{649E925C-4EB3-4292-91D2-A5F9D5C7291A} = {9C1BE9E8-6BB1-4299-BF7B-0391D4C5153C}
	EndGlobalSection
	GlobalSection(ExtensibilityGlobals) = postSolution
		SolutionGuid = {0AE09B7E-0BEB-490F-8DC9-0D19CD647488}
	EndGlobalSection
EndGlobal
